
Microsoft Visual Studio Solution File, Format Version 12.00
# Visual Studio Version 17
VisualStudioVersion = 17.0.32014.148
MinimumVisualStudioVersion = 10.0.40219.1
Project("{FAE04EC0-301F-11D3-BF4B-00C04F79EFBC}") = "Exercicios01", "Exercicios1-Estrutura-Sequencial\Exercicios01.csproj", "{ECF4B146-F26F-4CF6-8F0B-CE9C5E58B676}"
EndProject
Project("{FAE04EC0-301F-11D3-BF4B-00C04F79EFBC}") = "Exercicios02", "Exercicio021\Exercicios02.csproj", "{8D3D6752-818D-412A-B98A-DADD05D3CC9E}"
EndProject
Project("{FAE04EC0-301F-11D3-BF4B-00C04F79EFBC}") = "Exercicio03", "Exercicio03\Exercicio03.csproj", "{9A441A18-B85B-4DC0-A1CE-E4F7EBBD4F03}"
EndProject
Project("{FAE04EC0-301F-11D3-BF4B-00C04F79EFBC}") = "Exercicio04", "Exercicio04\Exercicio04.csproj", "{6A6C1CA2-EAB5-443D-BBD3-DE05E3C3CE58}"
EndProject
Project("{FAE04EC0-301F-11D3-BF4B-00C04F79EFBC}") = "Exercicio05", "Exercicio05\Exercicio05.csproj", "{8B11CA6B-6870-4ECD-AF86-4719ED3FDDA8}"
EndProject
Global
	GlobalSection(SolutionConfigurationPlatforms) = preSolution
		Debug|Any CPU = Debug|Any CPU
		Release|Any CPU = Release|Any CPU
	EndGlobalSection
	GlobalSection(ProjectConfigurationPlatforms) = postSolution
		{ECF4B146-F26F-4CF6-8F0B-CE9C5E58B676}.Debug|Any CPU.ActiveCfg = Debug|Any CPU
		{ECF4B146-F26F-4CF6-8F0B-CE9C5E58B676}.Debug|Any CPU.Build.0 = Debug|Any CPU
		{ECF4B146-F26F-4CF6-8F0B-CE9C5E58B676}.Release|Any CPU.ActiveCfg = Release|Any CPU
		{ECF4B146-F26F-4CF6-8F0B-CE9C5E58B676}.Release|Any CPU.Build.0 = Release|Any CPU
		{8D3D6752-818D-412A-B98A-DADD05D3CC9E}.Debug|Any CPU.ActiveCfg = Debug|Any CPU
		{8D3D6752-818D-412A-B98A-DADD05D3CC9E}.Debug|Any CPU.Build.0 = Debug|Any CPU
		{8D3D6752-818D-412A-B98A-DADD05D3CC9E}.Release|Any CPU.ActiveCfg = Release|Any CPU
		{8D3D6752-818D-412A-B98A-DADD05D3CC9E}.Release|Any CPU.Build.0 = Release|Any CPU
		{9A441A18-B85B-4DC0-A1CE-E4F7EBBD4F03}.Debug|Any CPU.ActiveCfg = Debug|Any CPU
		{9A441A18-B85B-4DC0-A1CE-E4F7EBBD4F03}.Debug|Any CPU.Build.0 = Debug|Any CPU
		{9A441A18-B85B-4DC0-A1CE-E4F7EBBD4F03}.Release|Any CPU.ActiveCfg = Release|Any CPU
		{9A441A18-B85B-4DC0-A1CE-E4F7EBBD4F03}.Release|Any CPU.Build.0 = Release|Any CPU
		{6A6C1CA2-EAB5-443D-BBD3-DE05E3C3CE58}.Debug|Any CPU.ActiveCfg = Debug|Any CPU
		{6A6C1CA2-EAB5-443D-BBD3-DE05E3C3CE58}.Debug|Any CPU.Build.0 = Debug|Any CPU
		{6A6C1CA2-EAB5-443D-BBD3-DE05E3C3CE58}.Release|Any CPU.ActiveCfg = Release|Any CPU
		{6A6C1CA2-EAB5-443D-BBD3-DE05E3C3CE58}.Release|Any CPU.Build.0 = Release|Any CPU
		{8B11CA6B-6870-4ECD-AF86-4719ED3FDDA8}.Debug|Any CPU.ActiveCfg = Debug|Any CPU
		{8B11CA6B-6870-4ECD-AF86-4719ED3FDDA8}.Debug|Any CPU.Build.0 = Debug|Any CPU
		{8B11CA6B-6870-4ECD-AF86-4719ED3FDDA8}.Release|Any CPU.ActiveCfg = Release|Any CPU
		{8B11CA6B-6870-4ECD-AF86-4719ED3FDDA8}.Release|Any CPU.Build.0 = Release|Any CPU
	EndGlobalSection
	GlobalSection(SolutionProperties) = preSolution
		HideSolutionNode = FALSE
	EndGlobalSection
	GlobalSection(ExtensibilityGlobals) = postSolution
		SolutionGuid = {14049E8A-A7BD-4A57-B70B-25608F9AA82D}
	EndGlobalSection
EndGlobal
